
Microsoft Visual Studio Solution File, Format Version 12.00
# Visual Studio Version 17
VisualStudioVersion = 17.7.34202.233
MinimumVisualStudioVersion = 10.0.40219.1
Project("{FAE04EC0-301F-11D3-BF4B-00C04F79EFBC}") = "OfficeManagementAPI", "OfficeManagementAPI\OfficeManagementAPI.csproj", "{18294E27-E292-4AB7-A83B-F59EAF8EC25B}"
EndProject
Global
	GlobalSection(SolutionConfigurationPlatforms) = preSolution
		Debug|Any CPU = Debug|Any CPU
		Release|Any CPU = Release|Any CPU
	EndGlobalSection
	GlobalSection(ProjectConfigurationPlatforms) = postSolution
		{18294E27-E292-4AB7-A83B-F59EAF8EC25B}.Debug|Any CPU.ActiveCfg = Debug|Any CPU
		{18294E27-E292-4AB7-A83B-F59EAF8EC25B}.Debug|Any CPU.Build.0 = Debug|Any CPU
		{18294E27-E292-4AB7-A83B-F59EAF8EC25B}.Release|Any CPU.ActiveCfg = Release|Any CPU
		{18294E27-E292-4AB7-A83B-F59EAF8EC25B}.Release|Any CPU.Build.0 = Release|Any CPU
	EndGlobalSection
	GlobalSection(SolutionProperties) = preSolution
		HideSolutionNode = FALSE
	EndGlobalSection
	GlobalSection(ExtensibilityGlobals) = postSolution
		SolutionGuid = {5E53A5A9-1997-4393-9723-878A126140CA}
	EndGlobalSection
EndGlobal
